{
	"name": "runner",
	"version": "1.0.0",
	"lockfileVersion": 1,
	"requires": true,
	"dependencies": {
		"async-limiter": {
			"version": "1.0.1",
			"resolved": "https://registry.npmjs.org/async-limiter/-/async-limiter-1.0.1.tgz",
			"integrity": "sha512-csOlWGAcRFJaI6m+F2WKdnMKr4HhdhFVBk0H/QbJFMCr+uO2kwohwXQPxw/9OCxp05r5ghVBFSyioixx3gfkNQ=="
		},
		"await-lock": {
			"version": "1.1.3",
			"resolved": "https://registry.npmjs.org/await-lock/-/await-lock-1.1.3.tgz",
			"integrity": "sha512-e0jRB8X/VVxulahjW16cM1dHsO7xjyZBP8p2AnVmg2Vn3q5xJ5sTUAybmkp96+s+QcrtidSJqpCGfWhVOX7NGg=="
		},
		"common-tags": {
			"version": "1.8.0",
			"resolved": "https://registry.npmjs.org/common-tags/-/common-tags-1.8.0.tgz",
			"integrity": "sha512-6P6g0uetGpW/sdyUy/iQQCbFF0kWVMSIVSyYz7Zgjcgh8mgw8PQzDNZeyZ5DQ2gM7LBoZPHmnjz8rUthkBG5tw=="
		},
		"complex.js": {
			"version": "2.0.11",
			"resolved": "https://registry.npmjs.org/complex.js/-/complex.js-2.0.11.tgz",
			"integrity": "sha512-6IArJLApNtdg1P1dFtn3dnyzoZBEF0MwMnrfF1exSBRpZYoy4yieMkpZhQDC0uwctw48vii0CFVyHfpgZ/DfGw=="
		},
		"console-read-write": {
			"version": "0.1.1",
			"resolved": "https://registry.npmjs.org/console-read-write/-/console-read-write-0.1.1.tgz",
			"integrity": "sha512-oznwP8YnhYzN+72C6+LA4LnbcletRyz4ZQfNCBdvtXnE/RnpnRskaTljl7X4EAijkc2PQ3oYHU+C5r88Y8JC3A==",
			"requires": {
				"await-lock": "1.1.3"
			}
		},
		"countdown": {
			"version": "2.6.0",
			"resolved": "https://registry.npmjs.org/countdown/-/countdown-2.6.0.tgz",
			"integrity": "sha1-Z3+446nUzE52QVkBuiU7UYrzQXc="
		},
		"decimal.js": {
			"version": "10.2.0",
			"resolved": "https://registry.npmjs.org/decimal.js/-/decimal.js-10.2.0.tgz",
			"integrity": "sha512-vDPw+rDgn3bZe1+F/pyEwb1oMG2XTlRVgAa6B4KccTEpYgF8w6eQllVbQcfIJnZyvzFtFpxnpGtx8dd7DJp/Rw=="
		},
		"discord.js": {
			"version": "11.5.1",
			"resolved": "https://registry.npmjs.org/discord.js/-/discord.js-11.5.1.tgz",
			"integrity": "sha512-tGhV5xaZXE3Z+4uXJb3hYM6gQ1NmnSxp9PClcsSAYFVRzH6AJH74040mO3afPDMWEAlj8XsoPXXTJHTxesqcGw==",
			"requires": {
				"long": "^4.0.0",
				"prism-media": "^0.0.3",
				"snekfetch": "^3.6.4",
				"tweetnacl": "^1.0.0",
				"ws": "^6.0.0"
			}
		},
		"discord.js-commando": {
			"version": "0.10.0",
			"resolved": "https://registry.npmjs.org/discord.js-commando/-/discord.js-commando-0.10.0.tgz",
			"integrity": "sha1-v6mL8zEIcDdvPHoNe3Nqaj5dCg8=",
			"requires": {
				"common-tags": "^1.0.0",
				"escape-string-regexp": "^1.0.0",
				"require-all": "^2.0.0"
			}
		},
		"escape-latex": {
			"version": "1.2.0",
			"resolved": "https://registry.npmjs.org/escape-latex/-/escape-latex-1.2.0.tgz",
			"integrity": "sha512-nV5aVWW1K0wEiUIEdZ4erkGGH8mDxGyxSeqPzRNtWP7ataw+/olFObw7hujFWlVjNsaDFw5VZ5NzVSIqRgfTiw=="
		},
		"escape-string-regexp": {
			"version": "1.0.5",
			"resolved": "https://registry.npmjs.org/escape-string-regexp/-/escape-string-regexp-1.0.5.tgz",
			"integrity": "sha1-G2HAViGQqN/2rjuyzwIAyhMLhtQ="
		},
		"fraction.js": {
			"version": "4.0.12",
			"resolved": "https://registry.npmjs.org/fraction.js/-/fraction.js-4.0.12.tgz",
			"integrity": "sha512-8Z1K0VTG4hzYY7kA/1sj4/r1/RWLBD3xwReT/RCrUCbzPszjNQCCsy3ktkU/eaEqX3MYa4pY37a52eiBlPMlhA=="
		},
		"javascript-natural-sort": {
			"version": "0.7.1",
			"resolved": "https://registry.npmjs.org/javascript-natural-sort/-/javascript-natural-sort-0.7.1.tgz",
			"integrity": "sha1-+eIwPUUH9tdDVac2ZNFED7Wg71k="
		},
		"long": {
			"version": "4.0.0",
			"resolved": "https://registry.npmjs.org/long/-/long-4.0.0.tgz",
			"integrity": "sha512-XsP+KhQif4bjX1kbuSiySJFNAehNxgLb6hPRGJ9QsUr8ajHkuXGdrHmFUTUUXhDwVX2R5bY4JNZEwbUiMhV+MA=="
		},
		"mathjs": {
			"version": "6.2.3",
			"resolved": "https://registry.npmjs.org/mathjs/-/mathjs-6.2.3.tgz",
			"integrity": "sha512-IEYTyz8tu7nslF4j2TtDs7C+9Emi2/iJTYXjc5WLoIKTJOLLtjp3Aglys0ZbV9KSiaJhpfGPLXm8Z5d7vEGN3w==",
			"requires": {
				"complex.js": "2.0.11",
				"decimal.js": "10.2.0",
				"escape-latex": "1.2.0",
				"fraction.js": "4.0.12",
				"javascript-natural-sort": "0.7.1",
				"seed-random": "2.2.0",
				"tiny-emitter": "2.1.0",
				"typed-function": "1.1.1"
			}
		},
		"moment": {
			"version": "2.24.0",
			"resolved": "https://registry.npmjs.org/moment/-/moment-2.24.0.tgz",
			"integrity": "sha512-bV7f+6l2QigeBBZSM/6yTNq4P2fNpSWj/0e7jQcy87A8e7o2nAfP/34/2ky5Vw4B9S446EtIhodAzkFCcR4dQg=="
		},
		"ms": {
			"version": "2.1.2",
			"resolved": "https://registry.npmjs.org/ms/-/ms-2.1.2.tgz",
			"integrity": "sha512-sGkPx+VjMtmA6MX27oA4FBFELFCZZ4S4XqeGOXCv68tT+jb3vk/RyaKWP0PTKyWtmLSM0b+adUTEvbs1PEaH2w=="
		},
		"one-liner-joke": {
			"version": "1.2.0",
			"resolved": "https://registry.npmjs.org/one-liner-joke/-/one-liner-joke-1.2.0.tgz",
			"integrity": "sha512-cyqGnIRKCe25ZERjlyKtpQp4BfN+iV22nC6rLtTMkJh+w300DK+9UitFzJZfilMdFKImKQO+w/G/E1sUSYBsrw=="
		},
		"prism-media": {
			"version": "0.0.3",
			"resolved": "https://registry.npmjs.org/prism-media/-/prism-media-0.0.3.tgz",
			"integrity": "sha512-c9KkNifSMU/iXT8FFTaBwBMr+rdVcN+H/uNv1o+CuFeTThNZNTOrQ+RgXA1yL/DeLk098duAeRPP3QNPNbhxYQ=="
		},
		"require-all": {
			"version": "2.2.0",
			"resolved": "https://registry.npmjs.org/require-all/-/require-all-2.2.0.tgz",
			"integrity": "sha1-tEIMIzrAKC0P9Jsnf7iAqLXeCJQ="
		},
		"seed-random": {
			"version": "2.2.0",
			"resolved": "https://registry.npmjs.org/seed-random/-/seed-random-2.2.0.tgz",
			"integrity": "sha1-KpsZ4lCoFwmSMaW5mk2vgLf77VQ="
		},
		"snekfetch": {
			"version": "3.6.4",
			"resolved": "https://registry.npmjs.org/snekfetch/-/snekfetch-3.6.4.tgz",
			"integrity": "sha512-NjxjITIj04Ffqid5lqr7XdgwM7X61c/Dns073Ly170bPQHLm6jkmelye/eglS++1nfTWktpP6Y2bFXjdPlQqdw=="
		},
		"tiny-emitter": {
			"version": "2.1.0",
			"resolved": "https://registry.npmjs.org/tiny-emitter/-/tiny-emitter-2.1.0.tgz",
			"integrity": "sha512-NB6Dk1A9xgQPMoGqC5CVXn123gWyte215ONT5Pp5a0yt4nlEoO1ZWeCwpncaekPHXO60i47ihFnZPiRPjRMq4Q=="
		},
		"tweetnacl": {
			"version": "1.0.1",
			"resolved": "https://registry.npmjs.org/tweetnacl/-/tweetnacl-1.0.1.tgz",
			"integrity": "sha512-kcoMoKTPYnoeS50tzoqjPY3Uv9axeuuFAZY9M/9zFnhoVvRfxz9K29IMPD7jGmt2c8SW7i3gT9WqDl2+nV7p4A=="
		},
		"typed-function": {
			"version": "1.1.1",
			"resolved": "https://registry.npmjs.org/typed-function/-/typed-function-1.1.1.tgz",
			"integrity": "sha512-RbN7MaTQBZLJYzDENHPA0nUmWT0Ex80KHItprrgbTPufYhIlTePvCXZxyQK7wgn19FW5bnuaBIKcBb5mRWjB1Q=="
		},
		"ws": {
			"version": "6.2.1",
			"resolved": "https://registry.npmjs.org/ws/-/ws-6.2.1.tgz",
			"integrity": "sha512-GIyAXC2cB7LjvpgMt9EKS2ldqr0MTrORaleiOno6TweZ6r3TKtoFQWay/2PceJ3RuBasOHzXNn5Lrw1X0bEjqA==",
			"requires": {
				"async-limiter": "~1.0.0"
			}
		}
	}
}
